
Microsoft Visual Studio Solution File, Format Version 12.00
# Visual Studio Version 17
VisualStudioVersion = 17.0.32014.148
MinimumVisualStudioVersion = 10.0.40219.1
Project("{FAE04EC0-301F-11D3-BF4B-00C04F79EFBC}") = "FastEndpointsApi", "FastEndpoints\FastEndpointsApi.csproj", "{CCF5402C-4504-4F7D-987D-BA83AC838947}"
EndProject
Global
	GlobalSection(SolutionConfigurationPlatforms) = preSolution
		Debug|Any CPU = Debug|Any CPU
		Release|Any CPU = Release|Any CPU
	EndGlobalSection
	GlobalSection(ProjectConfigurationPlatforms) = postSolution
		{CCF5402C-4504-4F7D-987D-BA83AC838947}.Debug|Any CPU.ActiveCfg = Debug|Any CPU
		{CCF5402C-4504-4F7D-987D-BA83AC838947}.Debug|Any CPU.Build.0 = Debug|Any CPU
		{CCF5402C-4504-4F7D-987D-BA83AC838947}.Release|Any CPU.ActiveCfg = Release|Any CPU
		{CCF5402C-4504-4F7D-987D-BA83AC838947}.Release|Any CPU.Build.0 = Release|Any CPU
	EndGlobalSection
	GlobalSection(SolutionProperties) = preSolution
		HideSolutionNode = FALSE
	EndGlobalSection
	GlobalSection(ExtensibilityGlobals) = postSolution
		SolutionGuid = {602C2D8B-5FD1-4028-A670-CE9E9CB33FA9}
	EndGlobalSection
EndGlobal
